
Microsoft Visual Studio Solution File, Format Version 12.00
# Visual Studio Version 17
VisualStudioVersion = 17.14.36310.24 d17.14
MinimumVisualStudioVersion = 10.0.40219.1
Project("{FAE04EC0-301F-11D3-BF4B-00C04F79EFBC}") = "AnemicDomainModel", "AnemicDomainModel\AnemicDomainModel.csproj", "{D4072881-98E5-46C7-987C-597113BC2ACF}"
EndProject
Global
	GlobalSection(SolutionConfigurationPlatforms) = preSolution
		Debug|Any CPU = Debug|Any CPU
		Release|Any CPU = Release|Any CPU
	EndGlobalSection
	GlobalSection(ProjectConfigurationPlatforms) = postSolution
		{D4072881-98E5-46C7-987C-597113BC2ACF}.Debug|Any CPU.ActiveCfg = Debug|Any CPU
		{D4072881-98E5-46C7-987C-597113BC2ACF}.Debug|Any CPU.Build.0 = Debug|Any CPU
		{D4072881-98E5-46C7-987C-597113BC2ACF}.Release|Any CPU.ActiveCfg = Release|Any CPU
		{D4072881-98E5-46C7-987C-597113BC2ACF}.Release|Any CPU.Build.0 = Release|Any CPU
	EndGlobalSection
	GlobalSection(SolutionProperties) = preSolution
		HideSolutionNode = FALSE
	EndGlobalSection
	GlobalSection(ExtensibilityGlobals) = postSolution
		SolutionGuid = {ACA8E838-0059-4FB5-B379-396E6CB1B107}
	EndGlobalSection
EndGlobal
